
Microsoft Visual Studio Solution File, Format Version 12.00
# Visual Studio Version 16
VisualStudioVersion = 16.0.31729.503
MinimumVisualStudioVersion = 10.0.40219.1
Project("{9A19103F-16F7-4668-BE54-9A1E7A4F7556}") = "Sokoban", "Sokoban.csproj", "{640FA651-473D-4400-B012-581DF86B1C31}"
EndProject
Global
	GlobalSection(SolutionConfigurationPlatforms) = preSolution
		Debug|Any CPU = Debug|Any CPU
		Release|Any CPU = Release|Any CPU
	EndGlobalSection
	GlobalSection(ProjectConfigurationPlatforms) = postSolution
		{640FA651-473D-4400-B012-581DF86B1C31}.Debug|Any CPU.ActiveCfg = Debug|Any CPU
		{640FA651-473D-4400-B012-581DF86B1C31}.Debug|Any CPU.Build.0 = Debug|Any CPU
		{640FA651-473D-4400-B012-581DF86B1C31}.Release|Any CPU.ActiveCfg = Release|Any CPU
		{640FA651-473D-4400-B012-581DF86B1C31}.Release|Any CPU.Build.0 = Release|Any CPU
	EndGlobalSection
	GlobalSection(SolutionProperties) = preSolution
		HideSolutionNode = FALSE
	EndGlobalSection
	GlobalSection(ExtensibilityGlobals) = postSolution
		SolutionGuid = {BAB1D3F8-D613-4F52-B4BA-97E0D626A95E}
	EndGlobalSection
EndGlobal
